version = 1
requires-python = ">=3.12"

[[package]]
name = "minecraft-seven"
version = "0.1.0"
source = { editable = "." }
dependencies = [
    { name = "xdialog" },
]

[package.metadata]
requires-dist = [{ name = "xdialog", specifier = ">=1.2.0.1" }]

[[package]]
name = "xdialog"
version = "1.2.0.1"
source = { registry = "https://pypi.org/simple" }
sdist = { url = "https://files.pythonhosted.org/packages/b9/0a/d6833588d20e235df2bad4adde8f652836587dc14c33dcf66367dcdf336c/xdialog-1.2.0.1.tar.gz", hash = "sha256:d3fce86d0c674d75b9793275a405ee3a37305f97d9b610b5e454dd0a64e146d3", size = 11134 }
wheels = [
    { url = "https://files.pythonhosted.org/packages/45/40/1219f32df9e065f186985da09548e69ff888e11d1f03ef451a728f2cc187/xdialog-1.2.0.1-py3-none-any.whl", hash = "sha256:05c019ac13ad3eae01bc1627fa21f37c1265720080355c6ff05a13fb73867192", size = 12588 },
]
